
Microsoft Visual Studio Solution File, Format Version 12.00
# Visual Studio Express 2012 for Windows Desktop
Project("{FAE04EC0-301F-11D3-BF4B-00C04F79EFBC}") = "MySqlPot", "MySqlPot\MySqlPot.csproj", "{7E2C87FE-2BBF-4E04-B3CF-02F333959BCC}"
EndProject
Global
	GlobalSection(SolutionConfigurationPlatforms) = preSolution
		Debug|Any CPU = Debug|Any CPU
		Release|Any CPU = Release|Any CPU
	EndGlobalSection
	GlobalSection(ProjectConfigurationPlatforms) = postSolution
		{7E2C87FE-2BBF-4E04-B3CF-02F333959BCC}.Debug|Any CPU.ActiveCfg = Debug|Any CPU
		{7E2C87FE-2BBF-4E04-B3CF-02F333959BCC}.Debug|Any CPU.Build.0 = Debug|Any CPU
		{7E2C87FE-2BBF-4E04-B3CF-02F333959BCC}.Release|Any CPU.ActiveCfg = Release|Any CPU
		{7E2C87FE-2BBF-4E04-B3CF-02F333959BCC}.Release|Any CPU.Build.0 = Release|Any CPU
	EndGlobalSection
	GlobalSection(SolutionProperties) = preSolution
		HideSolutionNode = FALSE
	EndGlobalSection
EndGlobal
